
Microsoft Visual Studio Solution File, Format Version 12.00
# Visual Studio Version 17
VisualStudioVersion = 17.3.32811.315
MinimumVisualStudioVersion = 10.0.40219.1
Project("{FAE04EC0-301F-11D3-BF4B-00C04F79EFBC}") = "SpaceAge", "SpaceAge.csproj", "{1D534B9B-9575-4C94-A946-08F848B068C4}"
EndProject
Global
	GlobalSection(SolutionConfigurationPlatforms) = preSolution
		Debug|Any CPU = Debug|Any CPU
		Release|Any CPU = Release|Any CPU
	EndGlobalSection
	GlobalSection(ProjectConfigurationPlatforms) = postSolution
		{1D534B9B-9575-4C94-A946-08F848B068C4}.Debug|Any CPU.ActiveCfg = Debug|Any CPU
		{1D534B9B-9575-4C94-A946-08F848B068C4}.Debug|Any CPU.Build.0 = Debug|Any CPU
		{1D534B9B-9575-4C94-A946-08F848B068C4}.Release|Any CPU.ActiveCfg = Release|Any CPU
		{1D534B9B-9575-4C94-A946-08F848B068C4}.Release|Any CPU.Build.0 = Release|Any CPU
	EndGlobalSection
	GlobalSection(SolutionProperties) = preSolution
		HideSolutionNode = FALSE
	EndGlobalSection
	GlobalSection(ExtensibilityGlobals) = postSolution
		SolutionGuid = {520BD7D7-B792-42CF-BBC1-43CA84264F10}
	EndGlobalSection
EndGlobal
